
Microsoft Visual Studio Solution File, Format Version 12.00
# Visual Studio 2012
Project("{FAE04EC0-301F-11D3-BF4B-00C04F79EFBC}") = "DesignPatterns", "DesignPatterns\DesignPatterns.csproj", "{D56E28F3-1764-4DED-BF6E-797CCB10DFD3}"
EndProject
Project("{2150E333-8FDC-42A3-9474-1A3956D46DE8}") = "BehavioralPatterns", "BehavioralPatterns", "{C58EBF33-1020-41FD-B937-998C1C4520BE}"
EndProject
Project("{FAE04EC0-301F-11D3-BF4B-00C04F79EFBC}") = "StrategyPattern", "StrategyPattern\StrategyPattern.csproj", "{4340A4E9-2500-4D85-9F0A-73F865A5B720}"
EndProject
Project("{FAE04EC0-301F-11D3-BF4B-00C04F79EFBC}") = "StrategyPattern2", "StrategyPattern2\StrategyPattern2.csproj", "{93E34FD9-D612-48D6-955F-41E441A12B89}"
EndProject
Project("{FAE04EC0-301F-11D3-BF4B-00C04F79EFBC}") = "StrategyPattern3", "StrategyPattern3\StrategyPattern3.csproj", "{E8A9666A-1F88-442F-8D52-1FE7EBB14BC8}"
EndProject
Project("{FAE04EC0-301F-11D3-BF4B-00C04F79EFBC}") = "StatePattern", "StatePattern\StatePattern.csproj", "{0247CA4A-CE1B-4DAC-A882-F423588EFC0A}"
EndProject
Project("{FAE04EC0-301F-11D3-BF4B-00C04F79EFBC}") = "StatePatternFinal", "StatePatternFinal\StatePatternFinal.csproj", "{295D522A-3C78-431C-AAB5-99B7AE907074}"
EndProject
Project("{FAE04EC0-301F-11D3-BF4B-00C04F79EFBC}") = "ObserverPattern", "ObserverPattern\ObserverPattern.csproj", "{B3FB8F45-5B91-497D-A20B-31F47BB45A16}"
EndProject
Project("{FAE04EC0-301F-11D3-BF4B-00C04F79EFBC}") = "ObserverPatternWpf", "ObserverPatternWpf\ObserverPatternWpf.csproj", "{6F156818-AAA9-4A72-933A-D54C11C8D5E7}"
EndProject
Global
	GlobalSection(SolutionConfigurationPlatforms) = preSolution
		Debug|Any CPU = Debug|Any CPU
		Debug|Mixed Platforms = Debug|Mixed Platforms
		Debug|x86 = Debug|x86
		Release|Any CPU = Release|Any CPU
		Release|Mixed Platforms = Release|Mixed Platforms
		Release|x86 = Release|x86
	EndGlobalSection
	GlobalSection(ProjectConfigurationPlatforms) = postSolution
		{D56E28F3-1764-4DED-BF6E-797CCB10DFD3}.Debug|Any CPU.ActiveCfg = Debug|x86
		{D56E28F3-1764-4DED-BF6E-797CCB10DFD3}.Debug|Mixed Platforms.ActiveCfg = Debug|x86
		{D56E28F3-1764-4DED-BF6E-797CCB10DFD3}.Debug|Mixed Platforms.Build.0 = Debug|x86
		{D56E28F3-1764-4DED-BF6E-797CCB10DFD3}.Debug|x86.ActiveCfg = Debug|x86
		{D56E28F3-1764-4DED-BF6E-797CCB10DFD3}.Debug|x86.Build.0 = Debug|x86
		{D56E28F3-1764-4DED-BF6E-797CCB10DFD3}.Release|Any CPU.ActiveCfg = Release|x86
		{D56E28F3-1764-4DED-BF6E-797CCB10DFD3}.Release|Mixed Platforms.ActiveCfg = Release|x86
		{D56E28F3-1764-4DED-BF6E-797CCB10DFD3}.Release|Mixed Platforms.Build.0 = Release|x86
		{D56E28F3-1764-4DED-BF6E-797CCB10DFD3}.Release|x86.ActiveCfg = Release|x86
		{D56E28F3-1764-4DED-BF6E-797CCB10DFD3}.Release|x86.Build.0 = Release|x86
		{4340A4E9-2500-4D85-9F0A-73F865A5B720}.Debug|Any CPU.ActiveCfg = Debug|Any CPU
		{4340A4E9-2500-4D85-9F0A-73F865A5B720}.Debug|Any CPU.Build.0 = Debug|Any CPU
		{4340A4E9-2500-4D85-9F0A-73F865A5B720}.Debug|Mixed Platforms.ActiveCfg = Debug|Any CPU
		{4340A4E9-2500-4D85-9F0A-73F865A5B720}.Debug|Mixed Platforms.Build.0 = Debug|Any CPU
		{4340A4E9-2500-4D85-9F0A-73F865A5B720}.Debug|x86.ActiveCfg = Debug|Any CPU
		{4340A4E9-2500-4D85-9F0A-73F865A5B720}.Release|Any CPU.ActiveCfg = Release|Any CPU
		{4340A4E9-2500-4D85-9F0A-73F865A5B720}.Release|Any CPU.Build.0 = Release|Any CPU
		{4340A4E9-2500-4D85-9F0A-73F865A5B720}.Release|Mixed Platforms.ActiveCfg = Release|Any CPU
		{4340A4E9-2500-4D85-9F0A-73F865A5B720}.Release|Mixed Platforms.Build.0 = Release|Any CPU
		{4340A4E9-2500-4D85-9F0A-73F865A5B720}.Release|x86.ActiveCfg = Release|Any CPU
		{93E34FD9-D612-48D6-955F-41E441A12B89}.Debug|Any CPU.ActiveCfg = Debug|Any CPU
		{93E34FD9-D612-48D6-955F-41E441A12B89}.Debug|Any CPU.Build.0 = Debug|Any CPU
		{93E34FD9-D612-48D6-955F-41E441A12B89}.Debug|Mixed Platforms.ActiveCfg = Debug|Any CPU
		{93E34FD9-D612-48D6-955F-41E441A12B89}.Debug|Mixed Platforms.Build.0 = Debug|Any CPU
		{93E34FD9-D612-48D6-955F-41E441A12B89}.Debug|x86.ActiveCfg = Debug|Any CPU
		{93E34FD9-D612-48D6-955F-41E441A12B89}.Release|Any CPU.ActiveCfg = Release|Any CPU
		{93E34FD9-D612-48D6-955F-41E441A12B89}.Release|Any CPU.Build.0 = Release|Any CPU
		{93E34FD9-D612-48D6-955F-41E441A12B89}.Release|Mixed Platforms.ActiveCfg = Release|Any CPU
		{93E34FD9-D612-48D6-955F-41E441A12B89}.Release|Mixed Platforms.Build.0 = Release|Any CPU
		{93E34FD9-D612-48D6-955F-41E441A12B89}.Release|x86.ActiveCfg = Release|Any CPU
		{E8A9666A-1F88-442F-8D52-1FE7EBB14BC8}.Debug|Any CPU.ActiveCfg = Debug|Any CPU
		{E8A9666A-1F88-442F-8D52-1FE7EBB14BC8}.Debug|Any CPU.Build.0 = Debug|Any CPU
		{E8A9666A-1F88-442F-8D52-1FE7EBB14BC8}.Debug|Mixed Platforms.ActiveCfg = Debug|Any CPU
		{E8A9666A-1F88-442F-8D52-1FE7EBB14BC8}.Debug|Mixed Platforms.Build.0 = Debug|Any CPU
		{E8A9666A-1F88-442F-8D52-1FE7EBB14BC8}.Debug|x86.ActiveCfg = Debug|Any CPU
		{E8A9666A-1F88-442F-8D52-1FE7EBB14BC8}.Release|Any CPU.ActiveCfg = Release|Any CPU
		{E8A9666A-1F88-442F-8D52-1FE7EBB14BC8}.Release|Any CPU.Build.0 = Release|Any CPU
		{E8A9666A-1F88-442F-8D52-1FE7EBB14BC8}.Release|Mixed Platforms.ActiveCfg = Release|Any CPU
		{E8A9666A-1F88-442F-8D52-1FE7EBB14BC8}.Release|Mixed Platforms.Build.0 = Release|Any CPU
		{E8A9666A-1F88-442F-8D52-1FE7EBB14BC8}.Release|x86.ActiveCfg = Release|Any CPU
		{0247CA4A-CE1B-4DAC-A882-F423588EFC0A}.Debug|Any CPU.ActiveCfg = Debug|Any CPU
		{0247CA4A-CE1B-4DAC-A882-F423588EFC0A}.Debug|Any CPU.Build.0 = Debug|Any CPU
		{0247CA4A-CE1B-4DAC-A882-F423588EFC0A}.Debug|Mixed Platforms.ActiveCfg = Debug|Any CPU
		{0247CA4A-CE1B-4DAC-A882-F423588EFC0A}.Debug|Mixed Platforms.Build.0 = Debug|Any CPU
		{0247CA4A-CE1B-4DAC-A882-F423588EFC0A}.Debug|x86.ActiveCfg = Debug|Any CPU
		{0247CA4A-CE1B-4DAC-A882-F423588EFC0A}.Release|Any CPU.ActiveCfg = Release|Any CPU
		{0247CA4A-CE1B-4DAC-A882-F423588EFC0A}.Release|Any CPU.Build.0 = Release|Any CPU
		{0247CA4A-CE1B-4DAC-A882-F423588EFC0A}.Release|Mixed Platforms.ActiveCfg = Release|Any CPU
		{0247CA4A-CE1B-4DAC-A882-F423588EFC0A}.Release|Mixed Platforms.Build.0 = Release|Any CPU
		{0247CA4A-CE1B-4DAC-A882-F423588EFC0A}.Release|x86.ActiveCfg = Release|Any CPU
		{295D522A-3C78-431C-AAB5-99B7AE907074}.Debug|Any CPU.ActiveCfg = Debug|Any CPU
		{295D522A-3C78-431C-AAB5-99B7AE907074}.Debug|Any CPU.Build.0 = Debug|Any CPU
		{295D522A-3C78-431C-AAB5-99B7AE907074}.Debug|Mixed Platforms.ActiveCfg = Debug|Any CPU
		{295D522A-3C78-431C-AAB5-99B7AE907074}.Debug|Mixed Platforms.Build.0 = Debug|Any CPU
		{295D522A-3C78-431C-AAB5-99B7AE907074}.Debug|x86.ActiveCfg = Debug|Any CPU
		{295D522A-3C78-431C-AAB5-99B7AE907074}.Release|Any CPU.ActiveCfg = Release|Any CPU
		{295D522A-3C78-431C-AAB5-99B7AE907074}.Release|Any CPU.Build.0 = Release|Any CPU
		{295D522A-3C78-431C-AAB5-99B7AE907074}.Release|Mixed Platforms.ActiveCfg = Release|Any CPU
		{295D522A-3C78-431C-AAB5-99B7AE907074}.Release|Mixed Platforms.Build.0 = Release|Any CPU
		{295D522A-3C78-431C-AAB5-99B7AE907074}.Release|x86.ActiveCfg = Release|Any CPU
		{B3FB8F45-5B91-497D-A20B-31F47BB45A16}.Debug|Any CPU.ActiveCfg = Debug|Any CPU
		{B3FB8F45-5B91-497D-A20B-31F47BB45A16}.Debug|Any CPU.Build.0 = Debug|Any CPU
		{B3FB8F45-5B91-497D-A20B-31F47BB45A16}.Debug|Mixed Platforms.ActiveCfg = Debug|Any CPU
		{B3FB8F45-5B91-497D-A20B-31F47BB45A16}.Debug|Mixed Platforms.Build.0 = Debug|Any CPU
		{B3FB8F45-5B91-497D-A20B-31F47BB45A16}.Debug|x86.ActiveCfg = Debug|Any CPU
		{B3FB8F45-5B91-497D-A20B-31F47BB45A16}.Release|Any CPU.ActiveCfg = Release|Any CPU
		{B3FB8F45-5B91-497D-A20B-31F47BB45A16}.Release|Any CPU.Build.0 = Release|Any CPU
		{B3FB8F45-5B91-497D-A20B-31F47BB45A16}.Release|Mixed Platforms.ActiveCfg = Release|Any CPU
		{B3FB8F45-5B91-497D-A20B-31F47BB45A16}.Release|Mixed Platforms.Build.0 = Release|Any CPU
		{B3FB8F45-5B91-497D-A20B-31F47BB45A16}.Release|x86.ActiveCfg = Release|Any CPU
		{6F156818-AAA9-4A72-933A-D54C11C8D5E7}.Debug|Any CPU.ActiveCfg = Debug|Any CPU
		{6F156818-AAA9-4A72-933A-D54C11C8D5E7}.Debug|Any CPU.Build.0 = Debug|Any CPU
		{6F156818-AAA9-4A72-933A-D54C11C8D5E7}.Debug|Mixed Platforms.ActiveCfg = Debug|Any CPU
		{6F156818-AAA9-4A72-933A-D54C11C8D5E7}.Debug|Mixed Platforms.Build.0 = Debug|Any CPU
		{6F156818-AAA9-4A72-933A-D54C11C8D5E7}.Debug|x86.ActiveCfg = Debug|Any CPU
		{6F156818-AAA9-4A72-933A-D54C11C8D5E7}.Release|Any CPU.ActiveCfg = Release|Any CPU
		{6F156818-AAA9-4A72-933A-D54C11C8D5E7}.Release|Any CPU.Build.0 = Release|Any CPU
		{6F156818-AAA9-4A72-933A-D54C11C8D5E7}.Release|Mixed Platforms.ActiveCfg = Release|Any CPU
		{6F156818-AAA9-4A72-933A-D54C11C8D5E7}.Release|Mixed Platforms.Build.0 = Release|Any CPU
		{6F156818-AAA9-4A72-933A-D54C11C8D5E7}.Release|x86.ActiveCfg = Release|Any CPU
	EndGlobalSection
	GlobalSection(SolutionProperties) = preSolution
		HideSolutionNode = FALSE
	EndGlobalSection
	GlobalSection(NestedProjects) = preSolution
		{4340A4E9-2500-4D85-9F0A-73F865A5B720} = {C58EBF33-1020-41FD-B937-998C1C4520BE}
		{93E34FD9-D612-48D6-955F-41E441A12B89} = {C58EBF33-1020-41FD-B937-998C1C4520BE}
		{E8A9666A-1F88-442F-8D52-1FE7EBB14BC8} = {C58EBF33-1020-41FD-B937-998C1C4520BE}
		{0247CA4A-CE1B-4DAC-A882-F423588EFC0A} = {C58EBF33-1020-41FD-B937-998C1C4520BE}
		{295D522A-3C78-431C-AAB5-99B7AE907074} = {C58EBF33-1020-41FD-B937-998C1C4520BE}
		{B3FB8F45-5B91-497D-A20B-31F47BB45A16} = {C58EBF33-1020-41FD-B937-998C1C4520BE}
		{6F156818-AAA9-4A72-933A-D54C11C8D5E7} = {C58EBF33-1020-41FD-B937-998C1C4520BE}
	EndGlobalSection
EndGlobal
